// !$*UTF8*$!
{
	archiveVersion = 1;
	classes = {
	};
	objectVersion = 55;
	objects = {

/* Begin PBXBuildFile section */
		C35AA001280C818B00583343 /* CookcademyApp.swift in Sources */ = {isa = PBXBuildFile; fileRef = C35AA000280C818B00583343 /* CookcademyApp.swift */; };
		C35AA003280C818B00583343 /* RecipesListView.swift in Sources */ = {isa = PBXBuildFile; fileRef = C35AA002280C818B00583343 /* RecipesListView.swift */; };
		C35AA005280C819000583343 /* Assets.xcassets in Resources */ = {isa = PBXBuildFile; fileRef = C35AA004280C819000583343 /* Assets.xcassets */; };
		C35AA008280C819000583343 /* Preview Assets.xcassets in Resources */ = {isa = PBXBuildFile; fileRef = C35AA007280C819000583343 /* Preview Assets.xcassets */; };
		C35AA00F280C821400583343 /* Recipe.swift in Sources */ = {isa = PBXBuildFile; fileRef = C35AA00E280C821400583343 /* Recipe.swift */; };
		C35AA011280EF2B400583343 /* AllRecipes.swift in Sources */ = {isa = PBXBuildFile; fileRef = C35AA010280EF2B400583343 /* AllRecipes.swift */; };
		C3627521281837AD007F4435 /* ModifyRecipeView.swift in Sources */ = {isa = PBXBuildFile; fileRef = C3627520281837AD007F4435 /* ModifyRecipeView.swift */; };
		C3B9937528105F8E0078AD4E /* RecipeData.swift in Sources */ = {isa = PBXBuildFile; fileRef = C3B9937428105F8E0078AD4E /* RecipeData.swift */; };
		C3B993772811741E0078AD4E /* RecipeDetailView.swift in Sources */ = {isa = PBXBuildFile; fileRef = C3B993762811741E0078AD4E /* RecipeDetailView.swift */; };
		C3B99379281198BB0078AD4E /* AppColor.swift in Sources */ = {isa = PBXBuildFile; fileRef = C3B99378281198BB0078AD4E /* AppColor.swift */; };
		C3BDB3202812E0C7007874F6 /* RecipeCategoryGridView.swift in Sources */ = {isa = PBXBuildFile; fileRef = C3BDB31F2812E0C7007874F6 /* RecipeCategoryGridView.swift */; };
/* End PBXBuildFile section */

/* Begin PBXFileReference section */
		C35A9FFD280C818B00583343 /* Cookcademy.app */ = {isa = PBXFileReference; explicitFileType = wrapper.application; includeInIndex = 0; path = Cookcademy.app; sourceTree = BUILT_PRODUCTS_DIR; };
		C35AA000280C818B00583343 /* CookcademyApp.swift */ = {isa = PBXFileReference; lastKnownFileType = sourcecode.swift; path = CookcademyApp.swift; sourceTree = "<group>"; };
		C35AA002280C818B00583343 /* RecipesListView.swift */ = {isa = PBXFileReference; lastKnownFileType = sourcecode.swift; path = RecipesListView.swift; sourceTree = "<group>"; };
		C35AA004280C819000583343 /* Assets.xcassets */ = {isa = PBXFileReference; lastKnownFileType = folder.assetcatalog; path = Assets.xcassets; sourceTree = "<group>"; };
		C35AA007280C819000583343 /* Preview Assets.xcassets */ = {isa = PBXFileReference; lastKnownFileType = folder.assetcatalog; path = "Preview Assets.xcassets"; sourceTree = "<group>"; };
		C35AA00E280C821400583343 /* Recipe.swift */ = {isa = PBXFileReference; lastKnownFileType = sourcecode.swift; path = Recipe.swift; sourceTree = "<group>"; };
		C35AA010280EF2B400583343 /* AllRecipes.swift */ = {isa = PBXFileReference; lastKnownFileType = sourcecode.swift; path = AllRecipes.swift; sourceTree = "<group>"; };
		C3627520281837AD007F4435 /* ModifyRecipeView.swift */ = {isa = PBXFileReference; lastKnownFileType = sourcecode.swift; path = ModifyRecipeView.swift; sourceTree = "<group>"; };
		C3B9937428105F8E0078AD4E /* RecipeData.swift */ = {isa = PBXFileReference; lastKnownFileType = sourcecode.swift; path = RecipeData.swift; sourceTree = "<group>"; };
		C3B993762811741E0078AD4E /* RecipeDetailView.swift */ = {isa = PBXFileReference; lastKnownFileType = sourcecode.swift; path = RecipeDetailView.swift; sourceTree = "<group>"; };
		C3B99378281198BB0078AD4E /* AppColor.swift */ = {isa = PBXFileReference; lastKnownFileType = sourcecode.swift; path = AppColor.swift; sourceTree = "<group>"; };
		C3BDB31F2812E0C7007874F6 /* RecipeCategoryGridView.swift */ = {isa = PBXFileReference; lastKnownFileType = sourcecode.swift; path = RecipeCategoryGridView.swift; sourceTree = "<group>"; };
/* End PBXFileReference section */

/* Begin PBXFrameworksBuildPhase section */
		C35A9FFA280C818B00583343 /* Frameworks */ = {
			isa = PBXFrameworksBuildPhase;
			buildActionMask = 2147483647;
			files = (
			);
			runOnlyForDeploymentPostprocessing = 0;
		};
/* End PBXFrameworksBuildPhase section */

/* Begin PBXGroup section */
		C35A9FF4280C818B00583343 = {
			isa = PBXGroup;
			children = (
				C35A9FFF280C818B00583343 /* Cookcademy */,
				C35A9FFE280C818B00583343 /* Products */,
			);
			sourceTree = "<group>";
		};
		C35A9FFE280C818B00583343 /* Products */ = {
			isa = PBXGroup;
			children = (
				C35A9FFD280C818B00583343 /* Cookcademy.app */,
			);
			name = Products;
			sourceTree = "<group>";
		};
		C35A9FFF280C818B00583343 /* Cookcademy */ = {
			isa = PBXGroup;
			children = (
				C3B9937228105F350078AD4E /* ViewModels */,
				C3B9937328105F4C0078AD4E /* Views */,
				C3B9937128105F240078AD4E /* Models */,
				C35AA000280C818B00583343 /* CookcademyApp.swift */,
				C35AA010280EF2B400583343 /* AllRecipes.swift */,
				C35AA004280C819000583343 /* Assets.xcassets */,
				C35AA006280C819000583343 /* Preview Content */,
			);
			path = Cookcademy;
			sourceTree = "<group>";
		};
		C35AA006280C819000583343 /* Preview Content */ = {
			isa = PBXGroup;
			children = (
				C35AA007280C819000583343 /* Preview Assets.xcassets */,
			);
			path = "Preview Content";
			sourceTree = "<group>";
		};
		C362751E28183757007F4435 /* ExploreRecipes */ = {
			isa = PBXGroup;
			children = (
				C35AA002280C818B00583343 /* RecipesListView.swift */,
				C3B993762811741E0078AD4E /* RecipeDetailView.swift */,
				C3BDB31F2812E0C7007874F6 /* RecipeCategoryGridView.swift */,
			);
			path = ExploreRecipes;
			sourceTree = "<group>";
		};
		C362751F2818377E007F4435 /* ModifyRecipes */ = {
			isa = PBXGroup;
			children = (
				C3627520281837AD007F4435 /* ModifyRecipeView.swift */,
			);
			path = ModifyRecipes;
			sourceTree = "<group>";
		};
		C3B9937128105F240078AD4E /* Models */ = {
			isa = PBXGroup;
			children = (
				C35AA00E280C821400583343 /* Recipe.swift */,
			);
			path = Models;
			sourceTree = "<group>";
		};
		C3B9937228105F350078AD4E /* ViewModels */ = {
			isa = PBXGroup;
			children = (
				C3B9937428105F8E0078AD4E /* RecipeData.swift */,
				C3B99378281198BB0078AD4E /* AppColor.swift */,
			);
			path = ViewModels;
			sourceTree = "<group>";
		};
		C3B9937328105F4C0078AD4E /* Views */ = {
			isa = PBXGroup;
			children = (
				C362751F2818377E007F4435 /* ModifyRecipes */,
				C362751E28183757007F4435 /* ExploreRecipes */,
			);
			path = Views;
			sourceTree = "<group>";
		};
/* End PBXGroup section */

/* Begin PBXNativeTarget section */
		C35A9FFC280C818B00583343 /* Cookcademy */ = {
			isa = PBXNativeTarget;
			buildConfigurationList = C35AA00B280C819000583343 /* Build configuration list for PBXNativeTarget "Cookcademy" */;
			buildPhases = (
				C35A9FF9280C818B00583343 /* Sources */,
				C35A9FFA280C818B00583343 /* Frameworks */,
				C35A9FFB280C818B00583343 /* Resources */,
			);
			buildRules = (
			);
			dependencies = (
			);
			name = Cookcademy;
			productName = Cookcademy;
			productReference = C35A9FFD280C818B00583343 /* Cookcademy.app */;
			productType = "com.apple.product-type.application";
		};
/* End PBXNativeTarget section */

/* Begin PBXProject section */
		C35A9FF5280C818B00583343 /* Project object */ = {
			isa = PBXProject;
			attributes = {
				BuildIndependentTargetsInParallel = 1;
				LastSwiftUpdateCheck = 1330;
				LastUpgradeCheck = 1330;
				TargetAttributes = {
					C35A9FFC280C818B00583343 = {
						CreatedOnToolsVersion = 13.3.1;
					};
				};
			};
			buildConfigurationList = C35A9FF8280C818B00583343 /* Build configuration list for PBXProject "Cookcademy" */;
			compatibilityVersion = "Xcode 13.0";
			developmentRegion = en;
			hasScannedForEncodings = 0;
			knownRegions = (
				en,
				Base,
			);
			mainGroup = C35A9FF4280C818B00583343;
			productRefGroup = C35A9FFE280C818B00583343 /* Products */;
			projectDirPath = "";
			projectRoot = "";
			targets = (
				C35A9FFC280C818B00583343 /* Cookcademy */,
			);
		};
/* End PBXProject section */

/* Begin PBXResourcesBuildPhase section */
		C35A9FFB280C818B00583343 /* Resources */ = {
			isa = PBXResourcesBuildPhase;
			buildActionMask = 2147483647;
			files = (
				C35AA008280C819000583343 /* Preview Assets.xcassets in Resources */,
				C35AA005280C819000583343 /* Assets.xcassets in Resources */,
			);
			runOnlyForDeploymentPostprocessing = 0;
		};
/* End PBXResourcesBuildPhase section */

/* Begin PBXSourcesBuildPhase section */
		C35A9FF9280C818B00583343 /* Sources */ = {
			isa = PBXSourcesBuildPhase;
			buildActionMask = 2147483647;
			files = (
				C35AA00F280C821400583343 /* Recipe.swift in Sources */,
				C3B993772811741E0078AD4E /* RecipeDetailView.swift in Sources */,
				C35AA003280C818B00583343 /* RecipesListView.swift in Sources */,
				C3B99379281198BB0078AD4E /* AppColor.swift in Sources */,
				C3627521281837AD007F4435 /* ModifyRecipeView.swift in Sources */,
				C3B9937528105F8E0078AD4E /* RecipeData.swift in Sources */,
				C35AA001280C818B00583343 /* CookcademyApp.swift in Sources */,
				C3BDB3202812E0C7007874F6 /* RecipeCategoryGridView.swift in Sources */,
				C35AA011280EF2B400583343 /* AllRecipes.swift in Sources */,
			);
			runOnlyForDeploymentPostprocessing = 0;
		};
/* End PBXSourcesBuildPhase section */

/* Begin XCBuildConfiguration section */
		C35AA009280C819000583343 /* Debug */ = {
			isa = XCBuildConfiguration;
			buildSettings = {
				ALWAYS_SEARCH_USER_PATHS = NO;
				CLANG_ANALYZER_NONNULL = YES;
				CLANG_ANALYZER_NUMBER_OBJECT_CONVERSION = YES_AGGRESSIVE;
				CLANG_CXX_LANGUAGE_STANDARD = "gnu++17";
				CLANG_ENABLE_MODULES = YES;
				CLANG_ENABLE_OBJC_ARC = YES;
				CLANG_ENABLE_OBJC_WEAK = YES;
				CLANG_WARN_BLOCK_CAPTURE_AUTORELEASING = YES;
				CLANG_WARN_BOOL_CONVERSION = YES;
				CLANG_WARN_COMMA = YES;
				CLANG_WARN_CONSTANT_CONVERSION = YES;
				CLANG_WARN_DEPRECATED_OBJC_IMPLEMENTATIONS = YES;
				CLANG_WARN_DIRECT_OBJC_ISA_USAGE = YES_ERROR;
				CLANG_WARN_DOCUMENTATION_COMMENTS = YES;
				CLANG_WARN_EMPTY_BODY = YES;
				CLANG_WARN_ENUM_CONVERSION = YES;
				CLANG_WARN_INFINITE_RECURSION = YES;
				CLANG_WARN_INT_CONVERSION = YES;
				CLANG_WARN_NON_LITERAL_NULL_CONVERSION = YES;
				CLANG_WARN_OBJC_IMPLICIT_RETAIN_SELF = YES;
				CLANG_WARN_OBJC_LITERAL_CONVERSION = YES;
				CLANG_WARN_OBJC_ROOT_CLASS = YES_ERROR;
				CLANG_WARN_QUOTED_INCLUDE_IN_FRAMEWORK_HEADER = YES;
				CLANG_WARN_RANGE_LOOP_ANALYSIS = YES;
				CLANG_WARN_STRICT_PROTOTYPES = YES;
				CLANG_WARN_SUSPICIOUS_MOVE = YES;
				CLANG_WARN_UNGUARDED_AVAILABILITY = YES_AGGRESSIVE;
				CLANG_WARN_UNREACHABLE_CODE = YES;
				CLANG_WARN__DUPLICATE_METHOD_MATCH = YES;
				COPY_PHASE_STRIP = NO;
				DEBUG_INFORMATION_FORMAT = dwarf;
				ENABLE_STRICT_OBJC_MSGSEND = YES;
				ENABLE_TESTABILITY = YES;
				GCC_C_LANGUAGE_STANDARD = gnu11;
				GCC_DYNAMIC_NO_PIC = NO;
				GCC_NO_COMMON_BLOCKS = YES;
				GCC_OPTIMIZATION_LEVEL = 0;
				GCC_PREPROCESSOR_DEFINITIONS = (
					"DEBUG=1",
					"$(inherited)",
				);
				GCC_WARN_64_TO_32_BIT_CONVERSION = YES;
				GCC_WARN_ABOUT_RETURN_TYPE = YES_ERROR;
				GCC_WARN_UNDECLARED_SELECTOR = YES;
				GCC_WARN_UNINITIALIZED_AUTOS = YES_AGGRESSIVE;
				GCC_WARN_UNUSED_FUNCTION = YES;
				GCC_WARN_UNUSED_VARIABLE = YES;
				IPHONEOS_DEPLOYMENT_TARGET = 15.4;
				MTL_ENABLE_DEBUG_INFO = INCLUDE_SOURCE;
				MTL_FAST_MATH = YES;
				ONLY_ACTIVE_ARCH = YES;
				SDKROOT = iphoneos;
				SWIFT_ACTIVE_COMPILATION_CONDITIONS = DEBUG;
				SWIFT_OPTIMIZATION_LEVEL = "-Onone";
			};
			name = Debug;
		};
		C35AA00A280C819000583343 /* Release */ = {
			isa = XCBuildConfiguration;
			buildSettings = {
				ALWAYS_SEARCH_USER_PATHS = NO;
				CLANG_ANALYZER_NONNULL = YES;
				CLANG_ANALYZER_NUMBER_OBJECT_CONVERSION = YES_AGGRESSIVE;
				CLANG_CXX_LANGUAGE_STANDARD = "gnu++17";
				CLANG_ENABLE_MODULES = YES;
				CLANG_ENABLE_OBJC_ARC = YES;
				CLANG_ENABLE_OBJC_WEAK = YES;
				CLANG_WARN_BLOCK_CAPTURE_AUTORELEASING = YES;
				CLANG_WARN_BOOL_CONVERSION = YES;
				CLANG_WARN_COMMA = YES;
				CLANG_WARN_CONSTANT_CONVERSION = YES;
				CLANG_WARN_DEPRECATED_OBJC_IMPLEMENTATIONS = YES;
				CLANG_WARN_DIRECT_OBJC_ISA_USAGE = YES_ERROR;
				CLANG_WARN_DOCUMENTATION_COMMENTS = YES;
				CLANG_WARN_EMPTY_BODY = YES;
				CLANG_WARN_ENUM_CONVERSION = YES;
				CLANG_WARN_INFINITE_RECURSION = YES;
				CLANG_WARN_INT_CONVERSION = YES;
				CLANG_WARN_NON_LITERAL_NULL_CONVERSION = YES;
				CLANG_WARN_OBJC_IMPLICIT_RETAIN_SELF = YES;
				CLANG_WARN_OBJC_LITERAL_CONVERSION = YES;
				CLANG_WARN_OBJC_ROOT_CLASS = YES_ERROR;
				CLANG_WARN_QUOTED_INCLUDE_IN_FRAMEWORK_HEADER = YES;
				CLANG_WARN_RANGE_LOOP_ANALYSIS = YES;
				CLANG_WARN_STRICT_PROTOTYPES = YES;
				CLANG_WARN_SUSPICIOUS_MOVE = YES;
				CLANG_WARN_UNGUARDED_AVAILABILITY = YES_AGGRESSIVE;
				CLANG_WARN_UNREACHABLE_CODE = YES;
				CLANG_WARN__DUPLICATE_METHOD_MATCH = YES;
				COPY_PHASE_STRIP = NO;
				DEBUG_INFORMATION_FORMAT = "dwarf-with-dsym";
				ENABLE_NS_ASSERTIONS = NO;
				ENABLE_STRICT_OBJC_MSGSEND = YES;
				GCC_C_LANGUAGE_STANDARD = gnu11;
				GCC_NO_COMMON_BLOCKS = YES;
				GCC_WARN_64_TO_32_BIT_CONVERSION = YES;
				GCC_WARN_ABOUT_RETURN_TYPE = YES_ERROR;
				GCC_WARN_UNDECLARED_SELECTOR = YES;
				GCC_WARN_UNINITIALIZED_AUTOS = YES_AGGRESSIVE;
				GCC_WARN_UNUSED_FUNCTION = YES;
				GCC_WARN_UNUSED_VARIABLE = YES;
				IPHONEOS_DEPLOYMENT_TARGET = 15.4;
				MTL_ENABLE_DEBUG_INFO = NO;
				MTL_FAST_MATH = YES;
				SDKROOT = iphoneos;
				SWIFT_COMPILATION_MODE = wholemodule;
				SWIFT_OPTIMIZATION_LEVEL = "-O";
				VALIDATE_PRODUCT = YES;
			};
			name = Release;
		};
		C35AA00C280C819000583343 /* Debug */ = {
			isa = XCBuildConfiguration;
			buildSettings = {
				ASSETCATALOG_COMPILER_APPICON_NAME = AppIcon;
				ASSETCATALOG_COMPILER_GLOBAL_ACCENT_COLOR_NAME = AccentColor;
				CODE_SIGN_STYLE = Automatic;
				CURRENT_PROJECT_VERSION = 1;
				DEVELOPMENT_ASSET_PATHS = "\"Cookcademy/Preview Content\"";
				DEVELOPMENT_TEAM = 7679FU48BK;
				ENABLE_PREVIEWS = YES;
				GENERATE_INFOPLIST_FILE = YES;
				INFOPLIST_KEY_UIApplicationSceneManifest_Generation = YES;
				INFOPLIST_KEY_UIApplicationSupportsIndirectInputEvents = YES;
				INFOPLIST_KEY_UILaunchScreen_Generation = YES;
				INFOPLIST_KEY_UISupportedInterfaceOrientations_iPad = "UIInterfaceOrientationPortrait UIInterfaceOrientationPortraitUpsideDown UIInterfaceOrientationLandscapeLeft UIInterfaceOrientationLandscapeRight";
				INFOPLIST_KEY_UISupportedInterfaceOrientations_iPhone = "UIInterfaceOrientationPortrait UIInterfaceOrientationLandscapeLeft UIInterfaceOrientationLandscapeRight";
				LD_RUNPATH_SEARCH_PATHS = (
					"$(inherited)",
					"@executable_path/Frameworks",
				);
				MARKETING_VERSION = 1.0;
				PRODUCT_BUNDLE_IDENTIFIER = com.andreaskiesel.Cookcademy;
				PRODUCT_NAME = "$(TARGET_NAME)";
				SWIFT_EMIT_LOC_STRINGS = YES;
				SWIFT_VERSION = 5.0;
				TARGETED_DEVICE_FAMILY = "1,2";
			};
			name = Debug;
		};
		C35AA00D280C819000583343 /* Release */ = {
			isa = XCBuildConfiguration;
			buildSettings = {
				ASSETCATALOG_COMPILER_APPICON_NAME = AppIcon;
				ASSETCATALOG_COMPILER_GLOBAL_ACCENT_COLOR_NAME = AccentColor;
				CODE_SIGN_STYLE = Automatic;
				CURRENT_PROJECT_VERSION = 1;
				DEVELOPMENT_ASSET_PATHS = "\"Cookcademy/Preview Content\"";
				DEVELOPMENT_TEAM = 7679FU48BK;
				ENABLE_PREVIEWS = YES;
				GENERATE_INFOPLIST_FILE = YES;
				INFOPLIST_KEY_UIApplicationSceneManifest_Generation = YES;
				INFOPLIST_KEY_UIApplicationSupportsIndirectInputEvents = YES;
				INFOPLIST_KEY_UILaunchScreen_Generation = YES;
				INFOPLIST_KEY_UISupportedInterfaceOrientations_iPad = "UIInterfaceOrientationPortrait UIInterfaceOrientationPortraitUpsideDown UIInterfaceOrientationLandscapeLeft UIInterfaceOrientationLandscapeRight";
				INFOPLIST_KEY_UISupportedInterfaceOrientations_iPhone = "UIInterfaceOrientationPortrait UIInterfaceOrientationLandscapeLeft UIInterfaceOrientationLandscapeRight";
				LD_RUNPATH_SEARCH_PATHS = (
					"$(inherited)",
					"@executable_path/Frameworks",
				);
				MARKETING_VERSION = 1.0;
				PRODUCT_BUNDLE_IDENTIFIER = com.andreaskiesel.Cookcademy;
				PRODUCT_NAME = "$(TARGET_NAME)";
				SWIFT_EMIT_LOC_STRINGS = YES;
				SWIFT_VERSION = 5.0;
				TARGETED_DEVICE_FAMILY = "1,2";
			};
			name = Release;
		};
/* End XCBuildConfiguration section */

/* Begin XCConfigurationList section */
		C35A9FF8280C818B00583343 /* Build configuration list for PBXProject "Cookcademy" */ = {
			isa = XCConfigurationList;
			buildConfigurations = (
				C35AA009280C819000583343 /* Debug */,
				C35AA00A280C819000583343 /* Release */,
			);
			defaultConfigurationIsVisible = 0;
			defaultConfigurationName = Release;
		};
		C35AA00B280C819000583343 /* Build configuration list for PBXNativeTarget "Cookcademy" */ = {
			isa = XCConfigurationList;
			buildConfigurations = (
				C35AA00C280C819000583343 /* Debug */,
				C35AA00D280C819000583343 /* Release */,
			);
			defaultConfigurationIsVisible = 0;
			defaultConfigurationName = Release;
		};
/* End XCConfigurationList section */
	};
	rootObject = C35A9FF5280C818B00583343 /* Project object */;
}
